// !$*UTF8*$!
{
	archiveVersion = 1;
	classes = {
	};
	objectVersion = 77;
	objects = {

/* Begin PBXBuildFile section */
		B52AD7042D98C30400C389BD /* FirebaseAnalytics in Frameworks */ = {isa = PBXBuildFile; productRef = B52AD7032D98C30400C389BD /* FirebaseAnalytics */; };
		B52AD7062D98C30400C389BD /* FirebaseAnalyticsOnDeviceConversion in Frameworks */ = {isa = PBXBuildFile; productRef = B52AD7052D98C30400C389BD /* FirebaseAnalyticsOnDeviceConversion */; };
		B52AD7082D98C30400C389BD /* FirebaseAnalyticsWithoutAdIdSupport in Frameworks */ = {isa = PBXBuildFile; productRef = B52AD7072D98C30400C389BD /* FirebaseAnalyticsWithoutAdIdSupport */; };
		B52AD70A2D98C30400C389BD /* FirebaseAppCheck in Frameworks */ = {isa = PBXBuildFile; productRef = B52AD7092D98C30400C389BD /* FirebaseAppCheck */; };
		B52AD70C2D98C30400C389BD /* FirebaseAppDistribution-Beta in Frameworks */ = {isa = PBXBuildFile; productRef = B52AD70B2D98C30400C389BD /* FirebaseAppDistribution-Beta */; };
		B52AD70E2D98C30400C389BD /* FirebaseAuth in Frameworks */ = {isa = PBXBuildFile; productRef = B52AD70D2D98C30400C389BD /* FirebaseAuth */; };
		B52AD7102D98C30400C389BD /* FirebaseAuthCombine-Community in Frameworks */ = {isa = PBXBuildFile; productRef = B52AD70F2D98C30400C389BD /* FirebaseAuthCombine-Community */; };
		B52AD7122D98C30400C389BD /* FirebaseCore in Frameworks */ = {isa = PBXBuildFile; productRef = B52AD7112D98C30400C389BD /* FirebaseCore */; };
		B52AD7142D98C30400C389BD /* FirebaseCrashlytics in Frameworks */ = {isa = PBXBuildFile; productRef = B52AD7132D98C30400C389BD /* FirebaseCrashlytics */; };
		B52AD7162D98C30400C389BD /* FirebaseDatabase in Frameworks */ = {isa = PBXBuildFile; productRef = B52AD7152D98C30400C389BD /* FirebaseDatabase */; };
		B52AD7182D98C30400C389BD /* FirebaseDynamicLinks in Frameworks */ = {isa = PBXBuildFile; productRef = B52AD7172D98C30400C389BD /* FirebaseDynamicLinks */; };
		B52AD71A2D98C30400C389BD /* FirebaseFirestore in Frameworks */ = {isa = PBXBuildFile; productRef = B52AD7192D98C30400C389BD /* FirebaseFirestore */; };
		B52AD71C2D98C30400C389BD /* FirebaseFirestoreCombine-Community in Frameworks */ = {isa = PBXBuildFile; productRef = B52AD71B2D98C30400C389BD /* FirebaseFirestoreCombine-Community */; };
		B52AD71E2D98C30400C389BD /* FirebaseFunctions in Frameworks */ = {isa = PBXBuildFile; productRef = B52AD71D2D98C30400C389BD /* FirebaseFunctions */; };
		B52AD7202D98C30400C389BD /* FirebaseFunctionsCombine-Community in Frameworks */ = {isa = PBXBuildFile; productRef = B52AD71F2D98C30400C389BD /* FirebaseFunctionsCombine-Community */; };
		B52AD7222D98C30400C389BD /* FirebaseInAppMessaging-Beta in Frameworks */ = {isa = PBXBuildFile; productRef = B52AD7212D98C30400C389BD /* FirebaseInAppMessaging-Beta */; };
		B52AD7242D98C30400C389BD /* FirebaseInstallations in Frameworks */ = {isa = PBXBuildFile; productRef = B52AD7232D98C30400C389BD /* FirebaseInstallations */; };
		B52AD7262D98C30400C389BD /* FirebaseMLModelDownloader in Frameworks */ = {isa = PBXBuildFile; productRef = B52AD7252D98C30400C389BD /* FirebaseMLModelDownloader */; };
		B52AD7282D98C30400C389BD /* FirebaseMessaging in Frameworks */ = {isa = PBXBuildFile; productRef = B52AD7272D98C30400C389BD /* FirebaseMessaging */; };
		B52AD72A2D98C30400C389BD /* FirebasePerformance in Frameworks */ = {isa = PBXBuildFile; productRef = B52AD7292D98C30400C389BD /* FirebasePerformance */; };
		B52AD72C2D98C30400C389BD /* FirebaseRemoteConfig in Frameworks */ = {isa = PBXBuildFile; productRef = B52AD72B2D98C30400C389BD /* FirebaseRemoteConfig */; };
		B52AD72E2D98C30400C389BD /* FirebaseStorage in Frameworks */ = {isa = PBXBuildFile; productRef = B52AD72D2D98C30400C389BD /* FirebaseStorage */; };
		B52AD7302D98C30400C389BD /* FirebaseStorageCombine-Community in Frameworks */ = {isa = PBXBuildFile; productRef = B52AD72F2D98C30400C389BD /* FirebaseStorageCombine-Community */; };
		B52AD7322D98C30400C389BD /* FirebaseVertexAI in Frameworks */ = {isa = PBXBuildFile; productRef = B52AD7312D98C30400C389BD /* FirebaseVertexAI */; };
		B52AD73B2D98C40600C389BD /* GoogleSignIn in Frameworks */ = {isa = PBXBuildFile; productRef = B52AD73A2D98C40600C389BD /* GoogleSignIn */; };
		B52AD73D2D98C40600C389BD /* GoogleSignInSwift in Frameworks */ = {isa = PBXBuildFile; productRef = B52AD73C2D98C40600C389BD /* GoogleSignInSwift */; };
/* End PBXBuildFile section */

/* Begin PBXContainerItemProxy section */
		B52AD6DC2D989CDF00C389BD /* PBXContainerItemProxy */ = {
			isa = PBXContainerItemProxy;
			containerPortal = B52AD6C32D989CDC00C389BD /* Project object */;
			proxyType = 1;
			remoteGlobalIDString = B52AD6CA2D989CDC00C389BD;
			remoteInfo = IntelliAlert;
		};
		B52AD6E62D989CDF00C389BD /* PBXContainerItemProxy */ = {
			isa = PBXContainerItemProxy;
			containerPortal = B52AD6C32D989CDC00C389BD /* Project object */;
			proxyType = 1;
			remoteGlobalIDString = B52AD6CA2D989CDC00C389BD;
			remoteInfo = IntelliAlert;
		};
/* End PBXContainerItemProxy section */

/* Begin PBXFileReference section */
		B52AD6CB2D989CDC00C389BD /* IntelliAlert.app */ = {isa = PBXFileReference; explicitFileType = wrapper.application; includeInIndex = 0; path = IntelliAlert.app; sourceTree = BUILT_PRODUCTS_DIR; };
		B52AD6DB2D989CDF00C389BD /* IntelliAlertTests.xctest */ = {isa = PBXFileReference; explicitFileType = wrapper.cfbundle; includeInIndex = 0; path = IntelliAlertTests.xctest; sourceTree = BUILT_PRODUCTS_DIR; };
		B52AD6E52D989CDF00C389BD /* IntelliAlertUITests.xctest */ = {isa = PBXFileReference; explicitFileType = wrapper.cfbundle; includeInIndex = 0; path = IntelliAlertUITests.xctest; sourceTree = BUILT_PRODUCTS_DIR; };
/* End PBXFileReference section */

/* Begin PBXFileSystemSynchronizedRootGroup section */
		B52AD6CD2D989CDC00C389BD /* IntelliAlert */ = {
			isa = PBXFileSystemSynchronizedRootGroup;
			path = IntelliAlert;
			sourceTree = "<group>";
		};
		B52AD6DE2D989CDF00C389BD /* IntelliAlertTests */ = {
			isa = PBXFileSystemSynchronizedRootGroup;
			path = IntelliAlertTests;
			sourceTree = "<group>";
		};
		B52AD6E82D989CDF00C389BD /* IntelliAlertUITests */ = {
			isa = PBXFileSystemSynchronizedRootGroup;
			path = IntelliAlertUITests;
			sourceTree = "<group>";
		};
/* End PBXFileSystemSynchronizedRootGroup section */

/* Begin PBXFrameworksBuildPhase section */
		B52AD6C82D989CDC00C389BD /* Frameworks */ = {
			isa = PBXFrameworksBuildPhase;
			buildActionMask = 2147483647;
			files = (
				B52AD71C2D98C30400C389BD /* FirebaseFirestoreCombine-Community in Frameworks */,
				B52AD7322D98C30400C389BD /* FirebaseVertexAI in Frameworks */,
				B52AD71E2D98C30400C389BD /* FirebaseFunctions in Frameworks */,
				B52AD72A2D98C30400C389BD /* FirebasePerformance in Frameworks */,
				B52AD7302D98C30400C389BD /* FirebaseStorageCombine-Community in Frameworks */,
				B52AD73D2D98C40600C389BD /* GoogleSignInSwift in Frameworks */,
				B52AD72C2D98C30400C389BD /* FirebaseRemoteConfig in Frameworks */,
				B52AD7162D98C30400C389BD /* FirebaseDatabase in Frameworks */,
				B52AD7182D98C30400C389BD /* FirebaseDynamicLinks in Frameworks */,
				B52AD70A2D98C30400C389BD /* FirebaseAppCheck in Frameworks */,
				B52AD70E2D98C30400C389BD /* FirebaseAuth in Frameworks */,
				B52AD7042D98C30400C389BD /* FirebaseAnalytics in Frameworks */,
				B52AD71A2D98C30400C389BD /* FirebaseFirestore in Frameworks */,
				B52AD7282D98C30400C389BD /* FirebaseMessaging in Frameworks */,
				B52AD7242D98C30400C389BD /* FirebaseInstallations in Frameworks */,
				B52AD7202D98C30400C389BD /* FirebaseFunctionsCombine-Community in Frameworks */,
				B52AD73B2D98C40600C389BD /* GoogleSignIn in Frameworks */,
				B52AD70C2D98C30400C389BD /* FirebaseAppDistribution-Beta in Frameworks */,
				B52AD7082D98C30400C389BD /* FirebaseAnalyticsWithoutAdIdSupport in Frameworks */,
				B52AD7222D98C30400C389BD /* FirebaseInAppMessaging-Beta in Frameworks */,
				B52AD7102D98C30400C389BD /* FirebaseAuthCombine-Community in Frameworks */,
				B52AD7142D98C30400C389BD /* FirebaseCrashlytics in Frameworks */,
				B52AD7262D98C30400C389BD /* FirebaseMLModelDownloader in Frameworks */,
				B52AD72E2D98C30400C389BD /* FirebaseStorage in Frameworks */,
				B52AD7122D98C30400C389BD /* FirebaseCore in Frameworks */,
				B52AD7062D98C30400C389BD /* FirebaseAnalyticsOnDeviceConversion in Frameworks */,
			);
			runOnlyForDeploymentPostprocessing = 0;
		};
		B52AD6D82D989CDF00C389BD /* Frameworks */ = {
			isa = PBXFrameworksBuildPhase;
			buildActionMask = 2147483647;
			files = (
			);
			runOnlyForDeploymentPostprocessing = 0;
		};
		B52AD6E22D989CDF00C389BD /* Frameworks */ = {
			isa = PBXFrameworksBuildPhase;
			buildActionMask = 2147483647;
			files = (
			);
			runOnlyForDeploymentPostprocessing = 0;
		};
/* End PBXFrameworksBuildPhase section */

/* Begin PBXGroup section */
		B52AD6C22D989CDC00C389BD = {
			isa = PBXGroup;
			children = (
				B52AD6CD2D989CDC00C389BD /* IntelliAlert */,
				B52AD6DE2D989CDF00C389BD /* IntelliAlertTests */,
				B52AD6E82D989CDF00C389BD /* IntelliAlertUITests */,
				B52AD6CC2D989CDC00C389BD /* Products */,
			);
			sourceTree = "<group>";
		};
		B52AD6CC2D989CDC00C389BD /* Products */ = {
			isa = PBXGroup;
			children = (
				B52AD6CB2D989CDC00C389BD /* IntelliAlert.app */,
				B52AD6DB2D989CDF00C389BD /* IntelliAlertTests.xctest */,
				B52AD6E52D989CDF00C389BD /* IntelliAlertUITests.xctest */,
			);
			name = Products;
			sourceTree = "<group>";
		};
/* End PBXGroup section */

/* Begin PBXNativeTarget section */
		B52AD6CA2D989CDC00C389BD /* IntelliAlert */ = {
			isa = PBXNativeTarget;
			buildConfigurationList = B52AD6EF2D989CDF00C389BD /* Build configuration list for PBXNativeTarget "IntelliAlert" */;
			buildPhases = (
				B52AD6C72D989CDC00C389BD /* Sources */,
				B52AD6C82D989CDC00C389BD /* Frameworks */,
				B52AD6C92D989CDC00C389BD /* Resources */,
			);
			buildRules = (
			);
			dependencies = (
			);
			fileSystemSynchronizedGroups = (
				B52AD6CD2D989CDC00C389BD /* IntelliAlert */,
			);
			name = IntelliAlert;
			packageProductDependencies = (
				B52AD7032D98C30400C389BD /* FirebaseAnalytics */,
				B52AD7052D98C30400C389BD /* FirebaseAnalyticsOnDeviceConversion */,
				B52AD7072D98C30400C389BD /* FirebaseAnalyticsWithoutAdIdSupport */,
				B52AD7092D98C30400C389BD /* FirebaseAppCheck */,
				B52AD70B2D98C30400C389BD /* FirebaseAppDistribution-Beta */,
				B52AD70D2D98C30400C389BD /* FirebaseAuth */,
				B52AD70F2D98C30400C389BD /* FirebaseAuthCombine-Community */,
				B52AD7112D98C30400C389BD /* FirebaseCore */,
				B52AD7132D98C30400C389BD /* FirebaseCrashlytics */,
				B52AD7152D98C30400C389BD /* FirebaseDatabase */,
				B52AD7172D98C30400C389BD /* FirebaseDynamicLinks */,
				B52AD7192D98C30400C389BD /* FirebaseFirestore */,
				B52AD71B2D98C30400C389BD /* FirebaseFirestoreCombine-Community */,
				B52AD71D2D98C30400C389BD /* FirebaseFunctions */,
				B52AD71F2D98C30400C389BD /* FirebaseFunctionsCombine-Community */,
				B52AD7212D98C30400C389BD /* FirebaseInAppMessaging-Beta */,
				B52AD7232D98C30400C389BD /* FirebaseInstallations */,
				B52AD7252D98C30400C389BD /* FirebaseMLModelDownloader */,
				B52AD7272D98C30400C389BD /* FirebaseMessaging */,
				B52AD7292D98C30400C389BD /* FirebasePerformance */,
				B52AD72B2D98C30400C389BD /* FirebaseRemoteConfig */,
				B52AD72D2D98C30400C389BD /* FirebaseStorage */,
				B52AD72F2D98C30400C389BD /* FirebaseStorageCombine-Community */,
				B52AD7312D98C30400C389BD /* FirebaseVertexAI */,
				B52AD73A2D98C40600C389BD /* GoogleSignIn */,
				B52AD73C2D98C40600C389BD /* GoogleSignInSwift */,
			);
			productName = IntelliAlert;
			productReference = B52AD6CB2D989CDC00C389BD /* IntelliAlert.app */;
			productType = "com.apple.product-type.application";
		};
		B52AD6DA2D989CDF00C389BD /* IntelliAlertTests */ = {
			isa = PBXNativeTarget;
			buildConfigurationList = B52AD6F22D989CDF00C389BD /* Build configuration list for PBXNativeTarget "IntelliAlertTests" */;
			buildPhases = (
				B52AD6D72D989CDF00C389BD /* Sources */,
				B52AD6D82D989CDF00C389BD /* Frameworks */,
				B52AD6D92D989CDF00C389BD /* Resources */,
			);
			buildRules = (
			);
			dependencies = (
				B52AD6DD2D989CDF00C389BD /* PBXTargetDependency */,
			);
			fileSystemSynchronizedGroups = (
				B52AD6DE2D989CDF00C389BD /* IntelliAlertTests */,
			);
			name = IntelliAlertTests;
			packageProductDependencies = (
			);
			productName = IntelliAlertTests;
			productReference = B52AD6DB2D989CDF00C389BD /* IntelliAlertTests.xctest */;
			productType = "com.apple.product-type.bundle.unit-test";
		};
		B52AD6E42D989CDF00C389BD /* IntelliAlertUITests */ = {
			isa = PBXNativeTarget;
			buildConfigurationList = B52AD6F52D989CDF00C389BD /* Build configuration list for PBXNativeTarget "IntelliAlertUITests" */;
			buildPhases = (
				B52AD6E12D989CDF00C389BD /* Sources */,
				B52AD6E22D989CDF00C389BD /* Frameworks */,
				B52AD6E32D989CDF00C389BD /* Resources */,
			);
			buildRules = (
			);
			dependencies = (
				B52AD6E72D989CDF00C389BD /* PBXTargetDependency */,
			);
			fileSystemSynchronizedGroups = (
				B52AD6E82D989CDF00C389BD /* IntelliAlertUITests */,
			);
			name = IntelliAlertUITests;
			packageProductDependencies = (
			);
			productName = IntelliAlertUITests;
			productReference = B52AD6E52D989CDF00C389BD /* IntelliAlertUITests.xctest */;
			productType = "com.apple.product-type.bundle.ui-testing";
		};
/* End PBXNativeTarget section */

/* Begin PBXProject section */
		B52AD6C32D989CDC00C389BD /* Project object */ = {
			isa = PBXProject;
			attributes = {
				BuildIndependentTargetsInParallel = 1;
				LastSwiftUpdateCheck = 1620;
				LastUpgradeCheck = 1620;
				TargetAttributes = {
					B52AD6CA2D989CDC00C389BD = {
						CreatedOnToolsVersion = 16.2;
					};
					B52AD6DA2D989CDF00C389BD = {
						CreatedOnToolsVersion = 16.2;
						TestTargetID = B52AD6CA2D989CDC00C389BD;
					};
					B52AD6E42D989CDF00C389BD = {
						CreatedOnToolsVersion = 16.2;
						TestTargetID = B52AD6CA2D989CDC00C389BD;
					};
				};
			};
			buildConfigurationList = B52AD6C62D989CDC00C389BD /* Build configuration list for PBXProject "IntelliAlert" */;
			developmentRegion = en;
			hasScannedForEncodings = 0;
			knownRegions = (
				en,
				Base,
			);
			mainGroup = B52AD6C22D989CDC00C389BD;
			minimizedProjectReferenceProxies = 1;
			packageReferences = (
				B52AD7022D98C30400C389BD /* XCRemoteSwiftPackageReference "firebase-ios-sdk" */,
				B52AD7392D98C40600C389BD /* XCRemoteSwiftPackageReference "GoogleSignIn-iOS" */,
			);
			preferredProjectObjectVersion = 77;
			productRefGroup = B52AD6CC2D989CDC00C389BD /* Products */;
			projectDirPath = "";
			projectRoot = "";
			targets = (
				B52AD6CA2D989CDC00C389BD /* IntelliAlert */,
				B52AD6DA2D989CDF00C389BD /* IntelliAlertTests */,
				B52AD6E42D989CDF00C389BD /* IntelliAlertUITests */,
			);
		};
/* End PBXProject section */

/* Begin PBXResourcesBuildPhase section */
		B52AD6C92D989CDC00C389BD /* Resources */ = {
			isa = PBXResourcesBuildPhase;
			buildActionMask = 2147483647;
			files = (
			);
			runOnlyForDeploymentPostprocessing = 0;
		};
		B52AD6D92D989CDF00C389BD /* Resources */ = {
			isa = PBXResourcesBuildPhase;
			buildActionMask = 2147483647;
			files = (
			);
			runOnlyForDeploymentPostprocessing = 0;
		};
		B52AD6E32D989CDF00C389BD /* Resources */ = {
			isa = PBXResourcesBuildPhase;
			buildActionMask = 2147483647;
			files = (
			);
			runOnlyForDeploymentPostprocessing = 0;
		};
/* End PBXResourcesBuildPhase section */

/* Begin PBXSourcesBuildPhase section */
		B52AD6C72D989CDC00C389BD /* Sources */ = {
			isa = PBXSourcesBuildPhase;
			buildActionMask = 2147483647;
			files = (
			);
			runOnlyForDeploymentPostprocessing = 0;
		};
		B52AD6D72D989CDF00C389BD /* Sources */ = {
			isa = PBXSourcesBuildPhase;
			buildActionMask = 2147483647;
			files = (
			);
			runOnlyForDeploymentPostprocessing = 0;
		};
		B52AD6E12D989CDF00C389BD /* Sources */ = {
			isa = PBXSourcesBuildPhase;
			buildActionMask = 2147483647;
			files = (
			);
			runOnlyForDeploymentPostprocessing = 0;
		};
/* End PBXSourcesBuildPhase section */

/* Begin PBXTargetDependency section */
		B52AD6DD2D989CDF00C389BD /* PBXTargetDependency */ = {
			isa = PBXTargetDependency;
			target = B52AD6CA2D989CDC00C389BD /* IntelliAlert */;
			targetProxy = B52AD6DC2D989CDF00C389BD /* PBXContainerItemProxy */;
		};
		B52AD6E72D989CDF00C389BD /* PBXTargetDependency */ = {
			isa = PBXTargetDependency;
			target = B52AD6CA2D989CDC00C389BD /* IntelliAlert */;
			targetProxy = B52AD6E62D989CDF00C389BD /* PBXContainerItemProxy */;
		};
/* End PBXTargetDependency section */

/* Begin XCBuildConfiguration section */
		B52AD6ED2D989CDF00C389BD /* Debug */ = {
			isa = XCBuildConfiguration;
			buildSettings = {
				ALWAYS_SEARCH_USER_PATHS = NO;
				ASSETCATALOG_COMPILER_GENERATE_SWIFT_ASSET_SYMBOL_EXTENSIONS = YES;
				CLANG_ANALYZER_NONNULL = YES;
				CLANG_ANALYZER_NUMBER_OBJECT_CONVERSION = YES_AGGRESSIVE;
				CLANG_CXX_LANGUAGE_STANDARD = "gnu++20";
				CLANG_ENABLE_MODULES = YES;
				CLANG_ENABLE_OBJC_ARC = YES;
				CLANG_ENABLE_OBJC_WEAK = YES;
				CLANG_WARN_BLOCK_CAPTURE_AUTORELEASING = YES;
				CLANG_WARN_BOOL_CONVERSION = YES;
				CLANG_WARN_COMMA = YES;
				CLANG_WARN_CONSTANT_CONVERSION = YES;
				CLANG_WARN_DEPRECATED_OBJC_IMPLEMENTATIONS = YES;
				CLANG_WARN_DIRECT_OBJC_ISA_USAGE = YES_ERROR;
				CLANG_WARN_DOCUMENTATION_COMMENTS = YES;
				CLANG_WARN_EMPTY_BODY = YES;
				CLANG_WARN_ENUM_CONVERSION = YES;
				CLANG_WARN_INFINITE_RECURSION = YES;
				CLANG_WARN_INT_CONVERSION = YES;
				CLANG_WARN_NON_LITERAL_NULL_CONVERSION = YES;
				CLANG_WARN_OBJC_IMPLICIT_RETAIN_SELF = YES;
				CLANG_WARN_OBJC_LITERAL_CONVERSION = YES;
				CLANG_WARN_OBJC_ROOT_CLASS = YES_ERROR;
				CLANG_WARN_QUOTED_INCLUDE_IN_FRAMEWORK_HEADER = YES;
				CLANG_WARN_RANGE_LOOP_ANALYSIS = YES;
				CLANG_WARN_STRICT_PROTOTYPES = YES;
				CLANG_WARN_SUSPICIOUS_MOVE = YES;
				CLANG_WARN_UNGUARDED_AVAILABILITY = YES_AGGRESSIVE;
				CLANG_WARN_UNREACHABLE_CODE = YES;
				CLANG_WARN__DUPLICATE_METHOD_MATCH = YES;
				COPY_PHASE_STRIP = NO;
				DEBUG_INFORMATION_FORMAT = dwarf;
				ENABLE_STRICT_OBJC_MSGSEND = YES;
				ENABLE_TESTABILITY = YES;
				ENABLE_USER_SCRIPT_SANDBOXING = YES;
				GCC_C_LANGUAGE_STANDARD = gnu17;
				GCC_DYNAMIC_NO_PIC = NO;
				GCC_NO_COMMON_BLOCKS = YES;
				GCC_OPTIMIZATION_LEVEL = 0;
				GCC_PREPROCESSOR_DEFINITIONS = (
					"DEBUG=1",
					"$(inherited)",
				);
				GCC_WARN_64_TO_32_BIT_CONVERSION = YES;
				GCC_WARN_ABOUT_RETURN_TYPE = YES_ERROR;
				GCC_WARN_UNDECLARED_SELECTOR = YES;
				GCC_WARN_UNINITIALIZED_AUTOS = YES_AGGRESSIVE;
				GCC_WARN_UNUSED_FUNCTION = YES;
				GCC_WARN_UNUSED_VARIABLE = YES;
				IPHONEOS_DEPLOYMENT_TARGET = 18.2;
				LOCALIZATION_PREFERS_STRING_CATALOGS = YES;
				MTL_ENABLE_DEBUG_INFO = INCLUDE_SOURCE;
				MTL_FAST_MATH = YES;
				ONLY_ACTIVE_ARCH = YES;
				SDKROOT = iphoneos;
				SWIFT_ACTIVE_COMPILATION_CONDITIONS = "DEBUG $(inherited)";
				SWIFT_OPTIMIZATION_LEVEL = "-Onone";
			};
			name = Debug;
		};
		B52AD6EE2D989CDF00C389BD /* Release */ = {
			isa = XCBuildConfiguration;
			buildSettings = {
				ALWAYS_SEARCH_USER_PATHS = NO;
				ASSETCATALOG_COMPILER_GENERATE_SWIFT_ASSET_SYMBOL_EXTENSIONS = YES;
				CLANG_ANALYZER_NONNULL = YES;
				CLANG_ANALYZER_NUMBER_OBJECT_CONVERSION = YES_AGGRESSIVE;
				CLANG_CXX_LANGUAGE_STANDARD = "gnu++20";
				CLANG_ENABLE_MODULES = YES;
				CLANG_ENABLE_OBJC_ARC = YES;
				CLANG_ENABLE_OBJC_WEAK = YES;
				CLANG_WARN_BLOCK_CAPTURE_AUTORELEASING = YES;
				CLANG_WARN_BOOL_CONVERSION = YES;
				CLANG_WARN_COMMA = YES;
				CLANG_WARN_CONSTANT_CONVERSION = YES;
				CLANG_WARN_DEPRECATED_OBJC_IMPLEMENTATIONS = YES;
				CLANG_WARN_DIRECT_OBJC_ISA_USAGE = YES_ERROR;
				CLANG_WARN_DOCUMENTATION_COMMENTS = YES;
				CLANG_WARN_EMPTY_BODY = YES;
				CLANG_WARN_ENUM_CONVERSION = YES;
				CLANG_WARN_INFINITE_RECURSION = YES;
				CLANG_WARN_INT_CONVERSION = YES;
				CLANG_WARN_NON_LITERAL_NULL_CONVERSION = YES;
				CLANG_WARN_OBJC_IMPLICIT_RETAIN_SELF = YES;
				CLANG_WARN_OBJC_LITERAL_CONVERSION = YES;
				CLANG_WARN_OBJC_ROOT_CLASS = YES_ERROR;
				CLANG_WARN_QUOTED_INCLUDE_IN_FRAMEWORK_HEADER = YES;
				CLANG_WARN_RANGE_LOOP_ANALYSIS = YES;
				CLANG_WARN_STRICT_PROTOTYPES = YES;
				CLANG_WARN_SUSPICIOUS_MOVE = YES;
				CLANG_WARN_UNGUARDED_AVAILABILITY = YES_AGGRESSIVE;
				CLANG_WARN_UNREACHABLE_CODE = YES;
				CLANG_WARN__DUPLICATE_METHOD_MATCH = YES;
				COPY_PHASE_STRIP = NO;
				DEBUG_INFORMATION_FORMAT = "dwarf-with-dsym";
				ENABLE_NS_ASSERTIONS = NO;
				ENABLE_STRICT_OBJC_MSGSEND = YES;
				ENABLE_USER_SCRIPT_SANDBOXING = YES;
				GCC_C_LANGUAGE_STANDARD = gnu17;
				GCC_NO_COMMON_BLOCKS = YES;
				GCC_WARN_64_TO_32_BIT_CONVERSION = YES;
				GCC_WARN_ABOUT_RETURN_TYPE = YES_ERROR;
				GCC_WARN_UNDECLARED_SELECTOR = YES;
				GCC_WARN_UNINITIALIZED_AUTOS = YES_AGGRESSIVE;
				GCC_WARN_UNUSED_FUNCTION = YES;
				GCC_WARN_UNUSED_VARIABLE = YES;
				IPHONEOS_DEPLOYMENT_TARGET = 18.2;
				LOCALIZATION_PREFERS_STRING_CATALOGS = YES;
				MTL_ENABLE_DEBUG_INFO = NO;
				MTL_FAST_MATH = YES;
				SDKROOT = iphoneos;
				SWIFT_COMPILATION_MODE = wholemodule;
				VALIDATE_PRODUCT = YES;
			};
			name = Release;
		};
		B52AD6F02D989CDF00C389BD /* Debug */ = {
			isa = XCBuildConfiguration;
			buildSettings = {
				ASSETCATALOG_COMPILER_APPICON_NAME = AppIcon;
				ASSETCATALOG_COMPILER_GLOBAL_ACCENT_COLOR_NAME = AccentColor;
				CODE_SIGN_STYLE = Manual;
				CURRENT_PROJECT_VERSION = 1;
				DEVELOPMENT_ASSET_PATHS = "\"IntelliAlert/Preview Content\"";
				DEVELOPMENT_TEAM = "";
				ENABLE_PREVIEWS = YES;
				GENERATE_INFOPLIST_FILE = YES;
				INFOPLIST_FILE = IntelliAlert/Info.plist;
				INFOPLIST_KEY_UIApplicationSceneManifest_Generation = YES;
				INFOPLIST_KEY_UIApplicationSupportsIndirectInputEvents = YES;
				INFOPLIST_KEY_UILaunchScreen_Generation = YES;
				INFOPLIST_KEY_UISupportedInterfaceOrientations_iPad = "UIInterfaceOrientationPortrait UIInterfaceOrientationPortraitUpsideDown UIInterfaceOrientationLandscapeLeft UIInterfaceOrientationLandscapeRight";
				INFOPLIST_KEY_UISupportedInterfaceOrientations_iPhone = "UIInterfaceOrientationPortrait UIInterfaceOrientationLandscapeLeft UIInterfaceOrientationLandscapeRight";
				LD_RUNPATH_SEARCH_PATHS = (
					"$(inherited)",
					"@executable_path/Frameworks",
				);
				MARKETING_VERSION = 1.0;
				NEW_SETTING = "";
				PRODUCT_BUNDLE_IDENTIFIER = com.IntelliAlert;
				PRODUCT_NAME = "$(TARGET_NAME)";
				PROVISIONING_PROFILE_SPECIFIER = "";
				SWIFT_EMIT_LOC_STRINGS = YES;
				SWIFT_VERSION = 5.0;
				TARGETED_DEVICE_FAMILY = "1,2";
			};
			name = Debug;
		};
		B52AD6F12D989CDF00C389BD /* Release */ = {
			isa = XCBuildConfiguration;
			buildSettings = {
				ASSETCATALOG_COMPILER_APPICON_NAME = AppIcon;
				ASSETCATALOG_COMPILER_GLOBAL_ACCENT_COLOR_NAME = AccentColor;
				CODE_SIGN_STYLE = Manual;
				CURRENT_PROJECT_VERSION = 1;
				DEVELOPMENT_ASSET_PATHS = "\"IntelliAlert/Preview Content\"";
				DEVELOPMENT_TEAM = "";
				ENABLE_PREVIEWS = YES;
				GENERATE_INFOPLIST_FILE = YES;
				INFOPLIST_FILE = IntelliAlert/Info.plist;
				INFOPLIST_KEY_UIApplicationSceneManifest_Generation = YES;
				INFOPLIST_KEY_UIApplicationSupportsIndirectInputEvents = YES;
				INFOPLIST_KEY_UILaunchScreen_Generation = YES;
				INFOPLIST_KEY_UISupportedInterfaceOrientations_iPad = "UIInterfaceOrientationPortrait UIInterfaceOrientationPortraitUpsideDown UIInterfaceOrientationLandscapeLeft UIInterfaceOrientationLandscapeRight";
				INFOPLIST_KEY_UISupportedInterfaceOrientations_iPhone = "UIInterfaceOrientationPortrait UIInterfaceOrientationLandscapeLeft UIInterfaceOrientationLandscapeRight";
				LD_RUNPATH_SEARCH_PATHS = (
					"$(inherited)",
					"@executable_path/Frameworks",
				);
				MARKETING_VERSION = 1.0;
				NEW_SETTING = "";
				PRODUCT_BUNDLE_IDENTIFIER = com.IntelliAlert;
				PRODUCT_NAME = "$(TARGET_NAME)";
				PROVISIONING_PROFILE_SPECIFIER = "";
				SWIFT_EMIT_LOC_STRINGS = YES;
				SWIFT_VERSION = 5.0;
				TARGETED_DEVICE_FAMILY = "1,2";
			};
			name = Release;
		};
		B52AD6F32D989CDF00C389BD /* Debug */ = {
			isa = XCBuildConfiguration;
			buildSettings = {
				BUNDLE_LOADER = "$(TEST_HOST)";
				CODE_SIGN_STYLE = Automatic;
				CURRENT_PROJECT_VERSION = 1;
				DEVELOPMENT_TEAM = USZ28ASWL9;
				GENERATE_INFOPLIST_FILE = YES;
				IPHONEOS_DEPLOYMENT_TARGET = 18.2;
				MARKETING_VERSION = 1.0;
				PRODUCT_BUNDLE_IDENTIFIER = test.IntelliAlertTests;
				PRODUCT_NAME = "$(TARGET_NAME)";
				SWIFT_EMIT_LOC_STRINGS = NO;
				SWIFT_VERSION = 5.0;
				TARGETED_DEVICE_FAMILY = "1,2";
				TEST_HOST = "$(BUILT_PRODUCTS_DIR)/IntelliAlert.app/$(BUNDLE_EXECUTABLE_FOLDER_PATH)/IntelliAlert";
			};
			name = Debug;
		};
		B52AD6F42D989CDF00C389BD /* Release */ = {
			isa = XCBuildConfiguration;
			buildSettings = {
				BUNDLE_LOADER = "$(TEST_HOST)";
				CODE_SIGN_STYLE = Automatic;
				CURRENT_PROJECT_VERSION = 1;
				DEVELOPMENT_TEAM = USZ28ASWL9;
				GENERATE_INFOPLIST_FILE = YES;
				IPHONEOS_DEPLOYMENT_TARGET = 18.2;
				MARKETING_VERSION = 1.0;
				PRODUCT_BUNDLE_IDENTIFIER = test.IntelliAlertTests;
				PRODUCT_NAME = "$(TARGET_NAME)";
				SWIFT_EMIT_LOC_STRINGS = NO;
				SWIFT_VERSION = 5.0;
				TARGETED_DEVICE_FAMILY = "1,2";
				TEST_HOST = "$(BUILT_PRODUCTS_DIR)/IntelliAlert.app/$(BUNDLE_EXECUTABLE_FOLDER_PATH)/IntelliAlert";
			};
			name = Release;
		};
		B52AD6F62D989CDF00C389BD /* Debug */ = {
			isa = XCBuildConfiguration;
			buildSettings = {
				CODE_SIGN_STYLE = Automatic;
				CURRENT_PROJECT_VERSION = 1;
				DEVELOPMENT_TEAM = USZ28ASWL9;
				GENERATE_INFOPLIST_FILE = YES;
				MARKETING_VERSION = 1.0;
				PRODUCT_BUNDLE_IDENTIFIER = test.IntelliAlertUITests;
				PRODUCT_NAME = "$(TARGET_NAME)";
				SWIFT_EMIT_LOC_STRINGS = NO;
				SWIFT_VERSION = 5.0;
				TARGETED_DEVICE_FAMILY = "1,2";
				TEST_TARGET_NAME = IntelliAlert;
			};
			name = Debug;
		};
		B52AD6F72D989CDF00C389BD /* Release */ = {
			isa = XCBuildConfiguration;
			buildSettings = {
				CODE_SIGN_STYLE = Automatic;
				CURRENT_PROJECT_VERSION = 1;
				DEVELOPMENT_TEAM = USZ28ASWL9;
				GENERATE_INFOPLIST_FILE = YES;
				MARKETING_VERSION = 1.0;
				PRODUCT_BUNDLE_IDENTIFIER = test.IntelliAlertUITests;
				PRODUCT_NAME = "$(TARGET_NAME)";
				SWIFT_EMIT_LOC_STRINGS = NO;
				SWIFT_VERSION = 5.0;
				TARGETED_DEVICE_FAMILY = "1,2";
				TEST_TARGET_NAME = IntelliAlert;
			};
			name = Release;
		};
/* End XCBuildConfiguration section */

/* Begin XCConfigurationList section */
		B52AD6C62D989CDC00C389BD /* Build configuration list for PBXProject "IntelliAlert" */ = {
			isa = XCConfigurationList;
			buildConfigurations = (
				B52AD6ED2D989CDF00C389BD /* Debug */,
				B52AD6EE2D989CDF00C389BD /* Release */,
			);
			defaultConfigurationIsVisible = 0;
			defaultConfigurationName = Release;
		};
		B52AD6EF2D989CDF00C389BD /* Build configuration list for PBXNativeTarget "IntelliAlert" */ = {
			isa = XCConfigurationList;
			buildConfigurations = (
				B52AD6F02D989CDF00C389BD /* Debug */,
				B52AD6F12D989CDF00C389BD /* Release */,
			);
			defaultConfigurationIsVisible = 0;
			defaultConfigurationName = Release;
		};
		B52AD6F22D989CDF00C389BD /* Build configuration list for PBXNativeTarget "IntelliAlertTests" */ = {
			isa = XCConfigurationList;
			buildConfigurations = (
				B52AD6F32D989CDF00C389BD /* Debug */,
				B52AD6F42D989CDF00C389BD /* Release */,
			);
			defaultConfigurationIsVisible = 0;
			defaultConfigurationName = Release;
		};
		B52AD6F52D989CDF00C389BD /* Build configuration list for PBXNativeTarget "IntelliAlertUITests" */ = {
			isa = XCConfigurationList;
			buildConfigurations = (
				B52AD6F62D989CDF00C389BD /* Debug */,
				B52AD6F72D989CDF00C389BD /* Release */,
			);
			defaultConfigurationIsVisible = 0;
			defaultConfigurationName = Release;
		};
/* End XCConfigurationList section */

/* Begin XCRemoteSwiftPackageReference section */
		B52AD7022D98C30400C389BD /* XCRemoteSwiftPackageReference "firebase-ios-sdk" */ = {
			isa = XCRemoteSwiftPackageReference;
			repositoryURL = "https://github.com/firebase/firebase-ios-sdk.git";
			requirement = {
				kind = upToNextMajorVersion;
				minimumVersion = 11.10.0;
			};
		};
		B52AD7392D98C40600C389BD /* XCRemoteSwiftPackageReference "GoogleSignIn-iOS" */ = {
			isa = XCRemoteSwiftPackageReference;
			repositoryURL = "https://github.com/google/GoogleSignIn-iOS.git";
			requirement = {
				kind = upToNextMajorVersion;
				minimumVersion = 8.0.0;
			};
		};
/* End XCRemoteSwiftPackageReference section */

/* Begin XCSwiftPackageProductDependency section */
		B52AD7032D98C30400C389BD /* FirebaseAnalytics */ = {
			isa = XCSwiftPackageProductDependency;
			package = B52AD7022D98C30400C389BD /* XCRemoteSwiftPackageReference "firebase-ios-sdk" */;
			productName = FirebaseAnalytics;
		};
		B52AD7052D98C30400C389BD /* FirebaseAnalyticsOnDeviceConversion */ = {
			isa = XCSwiftPackageProductDependency;
			package = B52AD7022D98C30400C389BD /* XCRemoteSwiftPackageReference "firebase-ios-sdk" */;
			productName = FirebaseAnalyticsOnDeviceConversion;
		};
		B52AD7072D98C30400C389BD /* FirebaseAnalyticsWithoutAdIdSupport */ = {
			isa = XCSwiftPackageProductDependency;
			package = B52AD7022D98C30400C389BD /* XCRemoteSwiftPackageReference "firebase-ios-sdk" */;
			productName = FirebaseAnalyticsWithoutAdIdSupport;
		};
		B52AD7092D98C30400C389BD /* FirebaseAppCheck */ = {
			isa = XCSwiftPackageProductDependency;
			package = B52AD7022D98C30400C389BD /* XCRemoteSwiftPackageReference "firebase-ios-sdk" */;
			productName = FirebaseAppCheck;
		};
		B52AD70B2D98C30400C389BD /* FirebaseAppDistribution-Beta */ = {
			isa = XCSwiftPackageProductDependency;
			package = B52AD7022D98C30400C389BD /* XCRemoteSwiftPackageReference "firebase-ios-sdk" */;
			productName = "FirebaseAppDistribution-Beta";
		};
		B52AD70D2D98C30400C389BD /* FirebaseAuth */ = {
			isa = XCSwiftPackageProductDependency;
			package = B52AD7022D98C30400C389BD /* XCRemoteSwiftPackageReference "firebase-ios-sdk" */;
			productName = FirebaseAuth;
		};
		B52AD70F2D98C30400C389BD /* FirebaseAuthCombine-Community */ = {
			isa = XCSwiftPackageProductDependency;
			package = B52AD7022D98C30400C389BD /* XCRemoteSwiftPackageReference "firebase-ios-sdk" */;
			productName = "FirebaseAuthCombine-Community";
		};
		B52AD7112D98C30400C389BD /* FirebaseCore */ = {
			isa = XCSwiftPackageProductDependency;
			package = B52AD7022D98C30400C389BD /* XCRemoteSwiftPackageReference "firebase-ios-sdk" */;
			productName = FirebaseCore;
		};
		B52AD7132D98C30400C389BD /* FirebaseCrashlytics */ = {
			isa = XCSwiftPackageProductDependency;
			package = B52AD7022D98C30400C389BD /* XCRemoteSwiftPackageReference "firebase-ios-sdk" */;
			productName = FirebaseCrashlytics;
		};
		B52AD7152D98C30400C389BD /* FirebaseDatabase */ = {
			isa = XCSwiftPackageProductDependency;
			package = B52AD7022D98C30400C389BD /* XCRemoteSwiftPackageReference "firebase-ios-sdk" */;
			productName = FirebaseDatabase;
		};
		B52AD7172D98C30400C389BD /* FirebaseDynamicLinks */ = {
			isa = XCSwiftPackageProductDependency;
			package = B52AD7022D98C30400C389BD /* XCRemoteSwiftPackageReference "firebase-ios-sdk" */;
			productName = FirebaseDynamicLinks;
		};
		B52AD7192D98C30400C389BD /* FirebaseFirestore */ = {
			isa = XCSwiftPackageProductDependency;
			package = B52AD7022D98C30400C389BD /* XCRemoteSwiftPackageReference "firebase-ios-sdk" */;
			productName = FirebaseFirestore;
		};
		B52AD71B2D98C30400C389BD /* FirebaseFirestoreCombine-Community */ = {
			isa = XCSwiftPackageProductDependency;
			package = B52AD7022D98C30400C389BD /* XCRemoteSwiftPackageReference "firebase-ios-sdk" */;
			productName = "FirebaseFirestoreCombine-Community";
		};
		B52AD71D2D98C30400C389BD /* FirebaseFunctions */ = {
			isa = XCSwiftPackageProductDependency;
			package = B52AD7022D98C30400C389BD /* XCRemoteSwiftPackageReference "firebase-ios-sdk" */;
			productName = FirebaseFunctions;
		};
		B52AD71F2D98C30400C389BD /* FirebaseFunctionsCombine-Community */ = {
			isa = XCSwiftPackageProductDependency;
			package = B52AD7022D98C30400C389BD /* XCRemoteSwiftPackageReference "firebase-ios-sdk" */;
			productName = "FirebaseFunctionsCombine-Community";
		};
		B52AD7212D98C30400C389BD /* FirebaseInAppMessaging-Beta */ = {
			isa = XCSwiftPackageProductDependency;
			package = B52AD7022D98C30400C389BD /* XCRemoteSwiftPackageReference "firebase-ios-sdk" */;
			productName = "FirebaseInAppMessaging-Beta";
		};
		B52AD7232D98C30400C389BD /* FirebaseInstallations */ = {
			isa = XCSwiftPackageProductDependency;
			package = B52AD7022D98C30400C389BD /* XCRemoteSwiftPackageReference "firebase-ios-sdk" */;
			productName = FirebaseInstallations;
		};
		B52AD7252D98C30400C389BD /* FirebaseMLModelDownloader */ = {
			isa = XCSwiftPackageProductDependency;
			package = B52AD7022D98C30400C389BD /* XCRemoteSwiftPackageReference "firebase-ios-sdk" */;
			productName = FirebaseMLModelDownloader;
		};
		B52AD7272D98C30400C389BD /* FirebaseMessaging */ = {
			isa = XCSwiftPackageProductDependency;
			package = B52AD7022D98C30400C389BD /* XCRemoteSwiftPackageReference "firebase-ios-sdk" */;
			productName = FirebaseMessaging;
		};
		B52AD7292D98C30400C389BD /* FirebasePerformance */ = {
			isa = XCSwiftPackageProductDependency;
			package = B52AD7022D98C30400C389BD /* XCRemoteSwiftPackageReference "firebase-ios-sdk" */;
			productName = FirebasePerformance;
		};
		B52AD72B2D98C30400C389BD /* FirebaseRemoteConfig */ = {
			isa = XCSwiftPackageProductDependency;
			package = B52AD7022D98C30400C389BD /* XCRemoteSwiftPackageReference "firebase-ios-sdk" */;
			productName = FirebaseRemoteConfig;
		};
		B52AD72D2D98C30400C389BD /* FirebaseStorage */ = {
			isa = XCSwiftPackageProductDependency;
			package = B52AD7022D98C30400C389BD /* XCRemoteSwiftPackageReference "firebase-ios-sdk" */;
			productName = FirebaseStorage;
		};
		B52AD72F2D98C30400C389BD /* FirebaseStorageCombine-Community */ = {
			isa = XCSwiftPackageProductDependency;
			package = B52AD7022D98C30400C389BD /* XCRemoteSwiftPackageReference "firebase-ios-sdk" */;
			productName = "FirebaseStorageCombine-Community";
		};
		B52AD7312D98C30400C389BD /* FirebaseVertexAI */ = {
			isa = XCSwiftPackageProductDependency;
			package = B52AD7022D98C30400C389BD /* XCRemoteSwiftPackageReference "firebase-ios-sdk" */;
			productName = FirebaseVertexAI;
		};
		B52AD73A2D98C40600C389BD /* GoogleSignIn */ = {
			isa = XCSwiftPackageProductDependency;
			package = B52AD7392D98C40600C389BD /* XCRemoteSwiftPackageReference "GoogleSignIn-iOS" */;
			productName = GoogleSignIn;
		};
		B52AD73C2D98C40600C389BD /* GoogleSignInSwift */ = {
			isa = XCSwiftPackageProductDependency;
			package = B52AD7392D98C40600C389BD /* XCRemoteSwiftPackageReference "GoogleSignIn-iOS" */;
			productName = GoogleSignInSwift;
		};
/* End XCSwiftPackageProductDependency section */
	};
	rootObject = B52AD6C32D989CDC00C389BD /* Project object */;
}
